
Microsoft Visual Studio Solution File, Format Version 12.00
# Visual Studio Version 17
VisualStudioVersion = 17.9.34622.214
MinimumVisualStudioVersion = 10.0.40219.1
Project("{FAE04EC0-301F-11D3-BF4B-00C04F79EFBC}") = "Umango.Addin.Export.OpenWeatherApi", "Umango.Addin.Export.OpenWeatherApi\Umango.Addin.Export.OpenWeatherApi.csproj", "{E6808A54-CFBA-4A42-AEC4-D4FE405955B4}"
EndProject
Global
	GlobalSection(SolutionConfigurationPlatforms) = preSolution
		Debug|Any CPU = Debug|Any CPU
		Release|Any CPU = Release|Any CPU
	EndGlobalSection
	GlobalSection(ProjectConfigurationPlatforms) = postSolution
		{E6808A54-CFBA-4A42-AEC4-D4FE405955B4}.Debug|Any CPU.ActiveCfg = Debug|Any CPU
		{E6808A54-CFBA-4A42-AEC4-D4FE405955B4}.Debug|Any CPU.Build.0 = Debug|Any CPU
		{E6808A54-CFBA-4A42-AEC4-D4FE405955B4}.Release|Any CPU.ActiveCfg = Release|Any CPU
		{E6808A54-CFBA-4A42-AEC4-D4FE405955B4}.Release|Any CPU.Build.0 = Release|Any CPU
	EndGlobalSection
	GlobalSection(SolutionProperties) = preSolution
		HideSolutionNode = FALSE
	EndGlobalSection
	GlobalSection(ExtensibilityGlobals) = postSolution
		SolutionGuid = {773E2F89-35B6-4D0D-B8BF-AF5CECCB7768}
	EndGlobalSection
EndGlobal
